
Microsoft Visual Studio Solution File, Format Version 12.00
# Visual Studio 15
VisualStudioVersion = 15.0.27004.2010
MinimumVisualStudioVersion = 10.0.40219.1
Project("{FAE04EC0-301F-11D3-BF4B-00C04F79EFBC}") = "RotatingWireframe", "RotatingWireframe\RotatingWireframe.csproj", "{716C49B3-2F8F-44CE-BD51-2F9A4E8A2102}"
EndProject
Global
	GlobalSection(SolutionConfigurationPlatforms) = preSolution
		Debug|Any CPU = Debug|Any CPU
		Release|Any CPU = Release|Any CPU
	EndGlobalSection
	GlobalSection(ProjectConfigurationPlatforms) = postSolution
		{716C49B3-2F8F-44CE-BD51-2F9A4E8A2102}.Debug|Any CPU.ActiveCfg = Debug|Any CPU
		{716C49B3-2F8F-44CE-BD51-2F9A4E8A2102}.Debug|Any CPU.Build.0 = Debug|Any CPU
		{716C49B3-2F8F-44CE-BD51-2F9A4E8A2102}.Release|Any CPU.ActiveCfg = Release|Any CPU
		{716C49B3-2F8F-44CE-BD51-2F9A4E8A2102}.Release|Any CPU.Build.0 = Release|Any CPU
	EndGlobalSection
	GlobalSection(SolutionProperties) = preSolution
		HideSolutionNode = FALSE
	EndGlobalSection
	GlobalSection(ExtensibilityGlobals) = postSolution
		SolutionGuid = {8AFEB01D-8914-44FA-8093-D2E2BC2A3597}
	EndGlobalSection
EndGlobal
